
Microsoft Visual Studio Solution File, Format Version 12.00
# Visual Studio Version 16
VisualStudioVersion = 16.0.29418.71
MinimumVisualStudioVersion = 10.0.40219.1
Project("{FAE04EC0-301F-11D3-BF4B-00C04F79EFBC}") = "WebApiPBD", "WebApiPBD.csproj", "{B3C3C092-A83B-440C-8353-C173E4F6E821}"
EndProject
Global
	GlobalSection(SolutionConfigurationPlatforms) = preSolution
		Debug|Any CPU = Debug|Any CPU
		Release|Any CPU = Release|Any CPU
	EndGlobalSection
	GlobalSection(ProjectConfigurationPlatforms) = postSolution
		{B3C3C092-A83B-440C-8353-C173E4F6E821}.Debug|Any CPU.ActiveCfg = Debug|Any CPU
		{B3C3C092-A83B-440C-8353-C173E4F6E821}.Debug|Any CPU.Build.0 = Debug|Any CPU
		{B3C3C092-A83B-440C-8353-C173E4F6E821}.Release|Any CPU.ActiveCfg = Release|Any CPU
		{B3C3C092-A83B-440C-8353-C173E4F6E821}.Release|Any CPU.Build.0 = Release|Any CPU
	EndGlobalSection
	GlobalSection(SolutionProperties) = preSolution
		HideSolutionNode = FALSE
	EndGlobalSection
	GlobalSection(ExtensibilityGlobals) = postSolution
		SolutionGuid = {220FE78D-07B2-4C4A-94E0-2A3D17D12376}
	EndGlobalSection
EndGlobal
